
Microsoft Visual Studio Solution File, Format Version 12.00
# Visual Studio Version 16
VisualStudioVersion = 16.0.30413.136
MinimumVisualStudioVersion = 10.0.40219.1
Project("{FAE04EC0-301F-11D3-BF4B-00C04F79EFBC}") = "CentricTeam4", "CentricTeam4.csproj", "{807224E4-F8B6-4797-A255-1CE1F9538CE4}"
EndProject
Global
	GlobalSection(SolutionConfigurationPlatforms) = preSolution
		Debug|Any CPU = Debug|Any CPU
		Release|Any CPU = Release|Any CPU
	EndGlobalSection
	GlobalSection(ProjectConfigurationPlatforms) = postSolution
		{807224E4-F8B6-4797-A255-1CE1F9538CE4}.Debug|Any CPU.ActiveCfg = Debug|Any CPU
		{807224E4-F8B6-4797-A255-1CE1F9538CE4}.Debug|Any CPU.Build.0 = Debug|Any CPU
		{807224E4-F8B6-4797-A255-1CE1F9538CE4}.Release|Any CPU.ActiveCfg = Release|Any CPU
		{807224E4-F8B6-4797-A255-1CE1F9538CE4}.Release|Any CPU.Build.0 = Release|Any CPU
	EndGlobalSection
	GlobalSection(SolutionProperties) = preSolution
		HideSolutionNode = FALSE
	EndGlobalSection
	GlobalSection(ExtensibilityGlobals) = postSolution
		SolutionGuid = {74D39F6F-F612-42AE-9ECF-3C96907B7BDC}
	EndGlobalSection
EndGlobal
